
Microsoft Visual Studio Solution File, Format Version 12.00
# Visual Studio Version 16
VisualStudioVersion = 16.0.29519.181
MinimumVisualStudioVersion = 10.0.40219.1
Project("{9A19103F-16F7-4668-BE54-9A1E7A4F7556}") = "AnomDetect.KMeans", "AnomDetect.KMeans.csproj", "{D4C25FF6-4F7B-4F51-82B2-AC660BB6C55D}"
EndProject
Global
	GlobalSection(SolutionConfigurationPlatforms) = preSolution
		Debug|Any CPU = Debug|Any CPU
		Release|Any CPU = Release|Any CPU
	EndGlobalSection
	GlobalSection(ProjectConfigurationPlatforms) = postSolution
		{D4C25FF6-4F7B-4F51-82B2-AC660BB6C55D}.Debug|Any CPU.ActiveCfg = Debug|Any CPU
		{D4C25FF6-4F7B-4F51-82B2-AC660BB6C55D}.Debug|Any CPU.Build.0 = Debug|Any CPU
		{D4C25FF6-4F7B-4F51-82B2-AC660BB6C55D}.Release|Any CPU.ActiveCfg = Release|Any CPU
		{D4C25FF6-4F7B-4F51-82B2-AC660BB6C55D}.Release|Any CPU.Build.0 = Release|Any CPU
	EndGlobalSection
	GlobalSection(SolutionProperties) = preSolution
		HideSolutionNode = FALSE
	EndGlobalSection
	GlobalSection(ExtensibilityGlobals) = postSolution
		SolutionGuid = {3E5DCE1F-467A-443B-8ED8-DA1E535B8235}
	EndGlobalSection
EndGlobal
